
Microsoft Visual Studio Solution File, Format Version 12.00
# Visual Studio 2012
Project("{FAE04EC0-301F-11D3-BF4B-00C04F79EFBC}") = "MyDataBase", "MyDataBase\MyDataBase.csproj", "{DFF27890-6172-4E8D-921E-F1E037D9EAAB}"
EndProject
Global
	GlobalSection(SolutionConfigurationPlatforms) = preSolution
		Debug|Any CPU = Debug|Any CPU
		Release|Any CPU = Release|Any CPU
	EndGlobalSection
	GlobalSection(ProjectConfigurationPlatforms) = postSolution
		{DFF27890-6172-4E8D-921E-F1E037D9EAAB}.Debug|Any CPU.ActiveCfg = Debug|Any CPU
		{DFF27890-6172-4E8D-921E-F1E037D9EAAB}.Debug|Any CPU.Build.0 = Debug|Any CPU
		{DFF27890-6172-4E8D-921E-F1E037D9EAAB}.Release|Any CPU.ActiveCfg = Release|Any CPU
		{DFF27890-6172-4E8D-921E-F1E037D9EAAB}.Release|Any CPU.Build.0 = Release|Any CPU
	EndGlobalSection
	GlobalSection(SolutionProperties) = preSolution
		HideSolutionNode = FALSE
	EndGlobalSection
EndGlobal
